
Microsoft Visual Studio Solution File, Format Version 12.00
# Visual Studio Version 17
VisualStudioVersion = 17.7.34202.233
MinimumVisualStudioVersion = 10.0.40219.1
Project("{FAE04EC0-301F-11D3-BF4B-00C04F79EFBC}") = "Ejercicio5_Mix_Prog", "Ejercicio5_Mix_Prog\Ejercicio5_Mix_Prog.csproj", "{C2DC2033-E235-492D-AD8D-FFE895D4FE89}"
EndProject
Global
	GlobalSection(SolutionConfigurationPlatforms) = preSolution
		Debug|Any CPU = Debug|Any CPU
		Release|Any CPU = Release|Any CPU
	EndGlobalSection
	GlobalSection(ProjectConfigurationPlatforms) = postSolution
		{C2DC2033-E235-492D-AD8D-FFE895D4FE89}.Debug|Any CPU.ActiveCfg = Debug|Any CPU
		{C2DC2033-E235-492D-AD8D-FFE895D4FE89}.Debug|Any CPU.Build.0 = Debug|Any CPU
		{C2DC2033-E235-492D-AD8D-FFE895D4FE89}.Release|Any CPU.ActiveCfg = Release|Any CPU
		{C2DC2033-E235-492D-AD8D-FFE895D4FE89}.Release|Any CPU.Build.0 = Release|Any CPU
	EndGlobalSection
	GlobalSection(SolutionProperties) = preSolution
		HideSolutionNode = FALSE
	EndGlobalSection
	GlobalSection(ExtensibilityGlobals) = postSolution
		SolutionGuid = {1BA49313-0179-4CBA-880A-3156948C6E18}
	EndGlobalSection
EndGlobal
